
Microsoft Visual Studio Solution File, Format Version 12.00
# Visual Studio 15
VisualStudioVersion = 15.0.27130.2027
MinimumVisualStudioVersion = 10.0.40219.1
Project("{F184B08F-C81C-45F6-A57F-5ABD9991F28F}") = "CS 540 Group Project", "CS 540 Group Project\CS 540 Group Project.vbproj", "{7E2430B6-D243-404F-BA94-77FBDB7079E5}"
EndProject
Global
	GlobalSection(SolutionConfigurationPlatforms) = preSolution
		Debug|Any CPU = Debug|Any CPU
		Release|Any CPU = Release|Any CPU
	EndGlobalSection
	GlobalSection(ProjectConfigurationPlatforms) = postSolution
		{7E2430B6-D243-404F-BA94-77FBDB7079E5}.Debug|Any CPU.ActiveCfg = Debug|Any CPU
		{7E2430B6-D243-404F-BA94-77FBDB7079E5}.Debug|Any CPU.Build.0 = Debug|Any CPU
		{7E2430B6-D243-404F-BA94-77FBDB7079E5}.Release|Any CPU.ActiveCfg = Release|Any CPU
		{7E2430B6-D243-404F-BA94-77FBDB7079E5}.Release|Any CPU.Build.0 = Release|Any CPU
	EndGlobalSection
	GlobalSection(SolutionProperties) = preSolution
		HideSolutionNode = FALSE
	EndGlobalSection
	GlobalSection(ExtensibilityGlobals) = postSolution
		SolutionGuid = {CD7C4ADA-34B4-437C-BE78-2194F7CF5499}
	EndGlobalSection
EndGlobal
